{
  "name": "console-indie-companion",
  "lockfileVersion": 3,
  "requires": true,
  "packages": {
    "": {
      "dependencies": {
        "oh-my-opencode-linux-x64": "^3.8.2"
      }
    },
    "node_modules/oh-my-opencode-linux-x64": {
      "version": "3.8.2",
      "resolved": "https://registry.npmjs.org/oh-my-opencode-linux-x64/-/oh-my-opencode-linux-x64-3.8.2.tgz",
      "integrity": "sha512-WETzaJEFWg8Xh8ixeG/HpKxbcSmaD5x4hWorZvffU/PnIT2wENAOGZ3EiERoECirfo/ahTmyBxIqZ+tRxBaUfw==",
      "cpu": [
        "x64"
      ],
      "license": "MIT",
      "os": [
        "linux"
      ],
      "bin": {
        "oh-my-opencode": "bin/oh-my-opencode"
      }
    }
  }
}
